
Microsoft Visual Studio Solution File, Format Version 12.00
# Visual Studio 14
VisualStudioVersion = 14.0.25420.1
MinimumVisualStudioVersion = 10.0.40219.1
Project("{FAE04EC0-301F-11D3-BF4B-00C04F79EFBC}") = "FCP.Web.Api.Client", "src\FCP.Web.Api.Client\FCP.Web.Api.Client.csproj", "{97913A24-5AC4-4EBF-8AE2-8FDCFE861AC1}"
EndProject
Project("{FAE04EC0-301F-11D3-BF4B-00C04F79EFBC}") = "FCP.Web.Cluster.Client", "src\FCP.Web.Cluster.Client\FCP.Web.Cluster.Client.csproj", "{88BB3B86-796B-4ED7-9595-AF436849A1DE}"
EndProject
Global
	GlobalSection(SolutionConfigurationPlatforms) = preSolution
		Debug|Any CPU = Debug|Any CPU
		Release|Any CPU = Release|Any CPU
	EndGlobalSection
	GlobalSection(ProjectConfigurationPlatforms) = postSolution
		{97913A24-5AC4-4EBF-8AE2-8FDCFE861AC1}.Debug|Any CPU.ActiveCfg = Debug|Any CPU
		{97913A24-5AC4-4EBF-8AE2-8FDCFE861AC1}.Debug|Any CPU.Build.0 = Debug|Any CPU
		{97913A24-5AC4-4EBF-8AE2-8FDCFE861AC1}.Release|Any CPU.ActiveCfg = Release|Any CPU
		{97913A24-5AC4-4EBF-8AE2-8FDCFE861AC1}.Release|Any CPU.Build.0 = Release|Any CPU
		{88BB3B86-796B-4ED7-9595-AF436849A1DE}.Debug|Any CPU.ActiveCfg = Debug|Any CPU
		{88BB3B86-796B-4ED7-9595-AF436849A1DE}.Debug|Any CPU.Build.0 = Debug|Any CPU
		{88BB3B86-796B-4ED7-9595-AF436849A1DE}.Release|Any CPU.ActiveCfg = Release|Any CPU
		{88BB3B86-796B-4ED7-9595-AF436849A1DE}.Release|Any CPU.Build.0 = Release|Any CPU
	EndGlobalSection
	GlobalSection(SolutionProperties) = preSolution
		HideSolutionNode = FALSE
	EndGlobalSection
EndGlobal
